
Microsoft Visual Studio Solution File, Format Version 12.00
# Visual Studio Version 16
VisualStudioVersion = 16.0.30907.101
MinimumVisualStudioVersion = 10.0.40219.1
Project("{FAE04EC0-301F-11D3-BF4B-00C04F79EFBC}") = "Paint", "Paint\Paint.csproj", "{6FAEA47B-CE04-46D3-A538-23841B5D23BA}"
EndProject
Project("{FAE04EC0-301F-11D3-BF4B-00C04F79EFBC}") = "MegaStringLib", "MegaString\MegaStringLib.csproj", "{6186AADD-386C-46D4-8295-DE13E176D85B}"
EndProject
Project("{FAE04EC0-301F-11D3-BF4B-00C04F79EFBC}") = "MegaStringUse", "MegaStringUse\MegaStringUse.csproj", "{03B3B595-2877-45C6-A27E-824FF93E4484}"
EndProject
Global
	GlobalSection(SolutionConfigurationPlatforms) = preSolution
		Debug|Any CPU = Debug|Any CPU
		Release|Any CPU = Release|Any CPU
	EndGlobalSection
	GlobalSection(ProjectConfigurationPlatforms) = postSolution
		{6FAEA47B-CE04-46D3-A538-23841B5D23BA}.Debug|Any CPU.ActiveCfg = Debug|Any CPU
		{6FAEA47B-CE04-46D3-A538-23841B5D23BA}.Debug|Any CPU.Build.0 = Debug|Any CPU
		{6FAEA47B-CE04-46D3-A538-23841B5D23BA}.Release|Any CPU.ActiveCfg = Release|Any CPU
		{6FAEA47B-CE04-46D3-A538-23841B5D23BA}.Release|Any CPU.Build.0 = Release|Any CPU
		{6186AADD-386C-46D4-8295-DE13E176D85B}.Debug|Any CPU.ActiveCfg = Debug|Any CPU
		{6186AADD-386C-46D4-8295-DE13E176D85B}.Debug|Any CPU.Build.0 = Debug|Any CPU
		{6186AADD-386C-46D4-8295-DE13E176D85B}.Release|Any CPU.ActiveCfg = Release|Any CPU
		{6186AADD-386C-46D4-8295-DE13E176D85B}.Release|Any CPU.Build.0 = Release|Any CPU
		{03B3B595-2877-45C6-A27E-824FF93E4484}.Debug|Any CPU.ActiveCfg = Debug|Any CPU
		{03B3B595-2877-45C6-A27E-824FF93E4484}.Debug|Any CPU.Build.0 = Debug|Any CPU
		{03B3B595-2877-45C6-A27E-824FF93E4484}.Release|Any CPU.ActiveCfg = Release|Any CPU
		{03B3B595-2877-45C6-A27E-824FF93E4484}.Release|Any CPU.Build.0 = Release|Any CPU
	EndGlobalSection
	GlobalSection(SolutionProperties) = preSolution
		HideSolutionNode = FALSE
	EndGlobalSection
	GlobalSection(ExtensibilityGlobals) = postSolution
		SolutionGuid = {72BAB862-61E1-41CF-8531-472DBE8C2064}
	EndGlobalSection
EndGlobal
