
Microsoft Visual Studio Solution File, Format Version 12.00
# Visual Studio Version 16
VisualStudioVersion = 16.0.31129.286
MinimumVisualStudioVersion = 10.0.40219.1
Project("{FAE04EC0-301F-11D3-BF4B-00C04F79EFBC}") = "WeakestLink", "WeakestLink\WeakestLink.csproj", "{041CDAA2-ABF2-4538-825D-8E303F62A9F2}"
EndProject
Project("{FAE04EC0-301F-11D3-BF4B-00C04F79EFBC}") = "TextAnalysis", "TextAnalysis\TextAnalysis.csproj", "{BD7F506A-AA8D-4A61-88D7-974D881446FB}"
EndProject
Global
	GlobalSection(SolutionConfigurationPlatforms) = preSolution
		Debug|Any CPU = Debug|Any CPU
		Release|Any CPU = Release|Any CPU
	EndGlobalSection
	GlobalSection(ProjectConfigurationPlatforms) = postSolution
		{041CDAA2-ABF2-4538-825D-8E303F62A9F2}.Debug|Any CPU.ActiveCfg = Debug|Any CPU
		{041CDAA2-ABF2-4538-825D-8E303F62A9F2}.Debug|Any CPU.Build.0 = Debug|Any CPU
		{041CDAA2-ABF2-4538-825D-8E303F62A9F2}.Release|Any CPU.ActiveCfg = Release|Any CPU
		{041CDAA2-ABF2-4538-825D-8E303F62A9F2}.Release|Any CPU.Build.0 = Release|Any CPU
		{BD7F506A-AA8D-4A61-88D7-974D881446FB}.Debug|Any CPU.ActiveCfg = Debug|Any CPU
		{BD7F506A-AA8D-4A61-88D7-974D881446FB}.Debug|Any CPU.Build.0 = Debug|Any CPU
		{BD7F506A-AA8D-4A61-88D7-974D881446FB}.Release|Any CPU.ActiveCfg = Release|Any CPU
		{BD7F506A-AA8D-4A61-88D7-974D881446FB}.Release|Any CPU.Build.0 = Release|Any CPU
	EndGlobalSection
	GlobalSection(SolutionProperties) = preSolution
		HideSolutionNode = FALSE
	EndGlobalSection
	GlobalSection(ExtensibilityGlobals) = postSolution
		SolutionGuid = {F217212E-BCD5-4E96-9483-BB3EF6C60FAD}
	EndGlobalSection
EndGlobal
