
Microsoft Visual Studio Solution File, Format Version 12.00
# Visual Studio Version 16
VisualStudioVersion = 16.0.30907.101
MinimumVisualStudioVersion = 10.0.40219.1
Project("{9A19103F-16F7-4668-BE54-9A1E7A4F7556}") = "Task1_1", "Task1_1.csproj", "{AB5F2F2A-3C5D-4BAC-A007-6A964E1BFC4E}"
EndProject
Global
	GlobalSection(SolutionConfigurationPlatforms) = preSolution
		Debug|Any CPU = Debug|Any CPU
		Release|Any CPU = Release|Any CPU
	EndGlobalSection
	GlobalSection(ProjectConfigurationPlatforms) = postSolution
		{AB5F2F2A-3C5D-4BAC-A007-6A964E1BFC4E}.Debug|Any CPU.ActiveCfg = Debug|Any CPU
		{AB5F2F2A-3C5D-4BAC-A007-6A964E1BFC4E}.Debug|Any CPU.Build.0 = Debug|Any CPU
		{AB5F2F2A-3C5D-4BAC-A007-6A964E1BFC4E}.Release|Any CPU.ActiveCfg = Release|Any CPU
		{AB5F2F2A-3C5D-4BAC-A007-6A964E1BFC4E}.Release|Any CPU.Build.0 = Release|Any CPU
	EndGlobalSection
	GlobalSection(SolutionProperties) = preSolution
		HideSolutionNode = FALSE
	EndGlobalSection
	GlobalSection(ExtensibilityGlobals) = postSolution
		SolutionGuid = {876276B1-F426-413F-9D41-7C345F3CE613}
	EndGlobalSection
EndGlobal
